<?xml version="1.0" encoding="utf-8"?>
<Project ToolsVersion="4.0" xmlns="http://schemas.microsoft.com/developer/msbuild/2003">
  <ItemGroup>
    <Filter Include="Quelldateien">
      <UniqueIdentifier>{4FC737F1-C7A5-4376-A066-2A32D752A2FF}</UniqueIdentifier>
      <Extensions>cpp;c;cc;cxx;def;odl;idl;hpj;bat;asm;asmx</Extensions>
    </Filter>
    <Filter Include="Headerdateien">
      <UniqueIdentifier>{93995380-89BD-4b04-88EB-625FBE52EBFB}</UniqueIdentifier>
      <Extensions>h;hh;hpp;hxx;hm;inl;inc;xsd</Extensions>
    </Filter>
    <Filter Include="Ressourcendateien">
      <UniqueIdentifier>{67DA6AB6-F800-4c08-8B7A-83BB121AAD01}</UniqueIdentifier>
      <Extensions>rc;ico;cur;bmp;dlg;rc2;rct;bin;rgs;gif;jpg;jpeg;jpe;resx;tiff;tif;png;wav;mfcribbon-ms</Extensions>
    </Filter>
  </ItemGroup>
  <ItemGroup>
    <Text Include="readme.txt" />
    <Text Include="__Makefile" />
  </ItemGroup>
  <ItemGroup>
    <ClCompile Include="source\background.cpp">
      <Filter>Quelldateien</Filter>
    </ClCompile>
    <ClCompile Include="source\beach.cpp">
      <Filter>Quelldateien</Filter>
    </ClCompile>
    <ClCompile Include="source\binaries.cpp">
      <Filter>Quelldateien</Filter>
    </ClCompile>
    <ClCompile Include="source\bitmap.cpp">
      <Filter>Quelldateien</Filter>
    </ClCompile>
    <ClCompile Include="source\bubbles.cpp">
      <Filter>Quelldateien</Filter>
    </ClCompile>
    <ClCompile Include="source\button.cpp">
      <Filter>Quelldateien</Filter>
    </ClCompile>
    <ClCompile Include="source\common.cpp">
      <Filter>Quelldateien</Filter>
    </ClCompile>
    <ClCompile Include="source\controlbutton.cpp">
      <Filter>Quelldateien</Filter>
    </ClCompile>
    <ClCompile Include="source\flipbook.cpp">
      <Filter>Quelldateien</Filter>
    </ClCompile>
    <ClCompile Include="source\font.cpp">
      <Filter>Quelldateien</Filter>
    </ClCompile>
    <ClCompile Include="source\main.cpp">
      <Filter>Quelldateien</Filter>
    </ClCompile>
    <ClCompile Include="source\memory_tracking.cpp">
      <Filter>Quelldateien</Filter>
    </ClCompile>
    <ClCompile Include="source\menu.cpp">
      <Filter>Quelldateien</Filter>
    </ClCompile>
    <ClCompile Include="source\pinky.cpp">
      <Filter>Quelldateien</Filter>
    </ClCompile>
    <ClCompile Include="source\rectangle.cpp">
      <Filter>Quelldateien</Filter>
    </ClCompile>
    <ClCompile Include="source\screen.cpp">
      <Filter>Quelldateien</Filter>
    </ClCompile>
    <ClCompile Include="source\screenengine.cpp">
      <Filter>Quelldateien</Filter>
    </ClCompile>
    <ClCompile Include="source\screenframebuffer.cpp">
      <Filter>Quelldateien</Filter>
    </ClCompile>
    <ClCompile Include="source\sprite.cpp">
      <Filter>Quelldateien</Filter>
    </ClCompile>
    <ClCompile Include="source\wconsole.cpp">
      <Filter>Quelldateien</Filter>
    </ClCompile>
    <ClCompile Include="source\window.cpp">
      <Filter>Quelldateien</Filter>
    </ClCompile>
  </ItemGroup>
  <ItemGroup>
    <None Include="Makefile" />
  </ItemGroup>
  <ItemGroup>
    <ClInclude Include="source\background.h">
      <Filter>Headerdateien</Filter>
    </ClInclude>
    <ClInclude Include="source\beach.h">
      <Filter>Headerdateien</Filter>
    </ClInclude>
    <ClInclude Include="source\binaries.h">
      <Filter>Headerdateien</Filter>
    </ClInclude>
    <ClInclude Include="source\binaries-array.h">
      <Filter>Headerdateien</Filter>
    </ClInclude>
    <ClInclude Include="source\bitmap.h">
      <Filter>Headerdateien</Filter>
    </ClInclude>
    <ClInclude Include="source\bubbles.h">
      <Filter>Headerdateien</Filter>
    </ClInclude>
    <ClInclude Include="source\button.h">
      <Filter>Headerdateien</Filter>
    </ClInclude>
    <ClInclude Include="source\callback.h">
      <Filter>Headerdateien</Filter>
    </ClInclude>
    <ClInclude Include="source\common.h">
      <Filter>Headerdateien</Filter>
    </ClInclude>
    <ClInclude Include="source\controlbutton.h">
      <Filter>Headerdateien</Filter>
    </ClInclude>
    <ClInclude Include="source\data_gbfs.h">
      <Filter>Headerdateien</Filter>
    </ClInclude>
    <ClInclude Include="source\flipbook.h">
      <Filter>Headerdateien</Filter>
    </ClInclude>
    <ClInclude Include="source\font.h">
      <Filter>Headerdateien</Filter>
    </ClInclude>
    <ClInclude Include="source\FreePtr.h">
      <Filter>Headerdateien</Filter>
    </ClInclude>
    <ClInclude Include="source\memory_tracking.h">
      <Filter>Headerdateien</Filter>
    </ClInclude>
    <ClInclude Include="source\menu.h">
      <Filter>Headerdateien</Filter>
    </ClInclude>
    <ClInclude Include="source\pinky.h">
      <Filter>Headerdateien</Filter>
    </ClInclude>
    <ClInclude Include="source\rectangle.h">
      <Filter>Headerdateien</Filter>
    </ClInclude>
    <ClInclude Include="source\screen.h">
      <Filter>Headerdateien</Filter>
    </ClInclude>
    <ClInclude Include="source\screenengine.h">
      <Filter>Headerdateien</Filter>
    </ClInclude>
    <ClInclude Include="source\screenframebuffer.h">
      <Filter>Headerdateien</Filter>
    </ClInclude>
    <ClInclude Include="source\sprite.h">
      <Filter>Headerdateien</Filter>
    </ClInclude>
    <ClInclude Include="source\wconsole.h">
      <Filter>Headerdateien</Filter>
    </ClInclude>
    <ClInclude Include="source\window.h">
      <Filter>Headerdateien</Filter>
    </ClInclude>
  </ItemGroup>
</Project>